// !$*UTF8*$!
{
	archiveVersion = 1;
	classes = {
	};
	objectVersion = 50;
	objects = {

/* Begin PBXBuildFile section */
		2B5D1C46248FEA7D0067349C /* AppDelegate.swift in Sources */ = {isa = PBXBuildFile; fileRef = 2B5D1C45248FEA7D0067349C /* AppDelegate.swift */; };
		2B5D1C48248FEA7D0067349C /* SceneDelegate.swift in Sources */ = {isa = PBXBuildFile; fileRef = 2B5D1C47248FEA7D0067349C /* SceneDelegate.swift */; };
		2B5D1C4A248FEA7D0067349C /* ViewController.swift in Sources */ = {isa = PBXBuildFile; fileRef = 2B5D1C49248FEA7D0067349C /* ViewController.swift */; };
		2B5D1C4D248FEA7D0067349C /* Main.storyboard in Resources */ = {isa = PBXBuildFile; fileRef = 2B5D1C4B248FEA7D0067349C /* Main.storyboard */; };
		2B5D1C4F248FEA7E0067349C /* Assets.xcassets in Resources */ = {isa = PBXBuildFile; fileRef = 2B5D1C4E248FEA7E0067349C /* Assets.xcassets */; };
		2B5D1C52248FEA7E0067349C /* LaunchScreen.storyboard in Resources */ = {isa = PBXBuildFile; fileRef = 2B5D1C50248FEA7E0067349C /* LaunchScreen.storyboard */; };
		2B5D1C5D248FEA7E0067349C /* testrunnnerappUITests.swift in Sources */ = {isa = PBXBuildFile; fileRef = 2B5D1C5C248FEA7E0067349C /* testrunnnerappUITests.swift */; };
		2B5D1C6A249007470067349C /* AnushkTestSDK-com.anushkmittal.xkcdOpenSource-1591725966.swift in Sources */ = {isa = PBXBuildFile; fileRef = 2B5D1C69249007470067349C /* AnushkTestSDK-com.anushkmittal.xkcdOpenSource-1591725966.swift */; };
		2B5D1C6E2490097B0067349C /* AnushkTestSDK-com.anushkmittal.xkcdOpenSource-1591726487.swift in Sources */ = {isa = PBXBuildFile; fileRef = 2B5D1C6D2490097B0067349C /* AnushkTestSDK-com.anushkmittal.xkcdOpenSource-1591726487.swift */; };
		2B5D1C7024900A110067349C /* AnushkTestSDK-com.anushkmittal.xkcdOpenSource-1591726707.swift in Sources */ = {isa = PBXBuildFile; fileRef = 2B5D1C6F24900A110067349C /* AnushkTestSDK-com.anushkmittal.xkcdOpenSource-1591726707.swift */; };
		2B5D1C7224900AE40067349C /* AnushkTestSDK-com.anushkmittal.xkcdOpenSource-1591726885.swift in Sources */ = {isa = PBXBuildFile; fileRef = 2B5D1C7124900AE40067349C /* AnushkTestSDK-com.anushkmittal.xkcdOpenSource-1591726885.swift */; };
		2B5D1C74249010FA0067349C /* AnushkTestSDK-com.anushkmittal.xkcdOpenSource-1591727483.swift in Sources */ = {isa = PBXBuildFile; fileRef = 2B5D1C73249010FA0067349C /* AnushkTestSDK-com.anushkmittal.xkcdOpenSource-1591727483.swift */; };
/* End PBXBuildFile section */

/* Begin PBXContainerItemProxy section */
		2B5D1C59248FEA7E0067349C /* PBXContainerItemProxy */ = {
			isa = PBXContainerItemProxy;
			containerPortal = 2B5D1C3A248FEA7D0067349C /* Project object */;
			proxyType = 1;
			remoteGlobalIDString = 2B5D1C41248FEA7D0067349C;
			remoteInfo = testrunnnerapp;
		};
/* End PBXContainerItemProxy section */

/* Begin PBXFileReference section */
		2B5D1C42248FEA7D0067349C /* testrunnnerapp.app */ = {isa = PBXFileReference; explicitFileType = wrapper.application; includeInIndex = 0; path = testrunnnerapp.app; sourceTree = BUILT_PRODUCTS_DIR; };
		2B5D1C45248FEA7D0067349C /* AppDelegate.swift */ = {isa = PBXFileReference; lastKnownFileType = sourcecode.swift; path = AppDelegate.swift; sourceTree = "<group>"; };
		2B5D1C47248FEA7D0067349C /* SceneDelegate.swift */ = {isa = PBXFileReference; lastKnownFileType = sourcecode.swift; path = SceneDelegate.swift; sourceTree = "<group>"; };
		2B5D1C49248FEA7D0067349C /* ViewController.swift */ = {isa = PBXFileReference; lastKnownFileType = sourcecode.swift; path = ViewController.swift; sourceTree = "<group>"; };
		2B5D1C4C248FEA7D0067349C /* Base */ = {isa = PBXFileReference; lastKnownFileType = file.storyboard; name = Base; path = Base.lproj/Main.storyboard; sourceTree = "<group>"; };
		2B5D1C4E248FEA7E0067349C /* Assets.xcassets */ = {isa = PBXFileReference; lastKnownFileType = folder.assetcatalog; path = Assets.xcassets; sourceTree = "<group>"; };
		2B5D1C51248FEA7E0067349C /* Base */ = {isa = PBXFileReference; lastKnownFileType = file.storyboard; name = Base; path = Base.lproj/LaunchScreen.storyboard; sourceTree = "<group>"; };
		2B5D1C53248FEA7E0067349C /* Info.plist */ = {isa = PBXFileReference; lastKnownFileType = text.plist.xml; path = Info.plist; sourceTree = "<group>"; };
		2B5D1C58248FEA7E0067349C /* testrunnnerappUITests.xctest */ = {isa = PBXFileReference; explicitFileType = wrapper.cfbundle; includeInIndex = 0; path = testrunnnerappUITests.xctest; sourceTree = BUILT_PRODUCTS_DIR; };
		2B5D1C5C248FEA7E0067349C /* testrunnnerappUITests.swift */ = {isa = PBXFileReference; lastKnownFileType = sourcecode.swift; path = testrunnnerappUITests.swift; sourceTree = "<group>"; };
		2B5D1C5E248FEA7E0067349C /* Info.plist */ = {isa = PBXFileReference; lastKnownFileType = text.plist.xml; path = Info.plist; sourceTree = "<group>"; };
		2B5D1C69249007470067349C /* AnushkTestSDK-com.anushkmittal.xkcdOpenSource-1591725966.swift */ = {isa = PBXFileReference; fileEncoding = 4; lastKnownFileType = sourcecode.swift; path = "AnushkTestSDK-com.anushkmittal.xkcdOpenSource-1591725966.swift"; sourceTree = "<group>"; };
		2B5D1C6D2490097B0067349C /* AnushkTestSDK-com.anushkmittal.xkcdOpenSource-1591726487.swift */ = {isa = PBXFileReference; fileEncoding = 4; lastKnownFileType = sourcecode.swift; path = "AnushkTestSDK-com.anushkmittal.xkcdOpenSource-1591726487.swift"; sourceTree = "<group>"; };
		2B5D1C6F24900A110067349C /* AnushkTestSDK-com.anushkmittal.xkcdOpenSource-1591726707.swift */ = {isa = PBXFileReference; fileEncoding = 4; lastKnownFileType = sourcecode.swift; path = "AnushkTestSDK-com.anushkmittal.xkcdOpenSource-1591726707.swift"; sourceTree = "<group>"; };
		2B5D1C7124900AE40067349C /* AnushkTestSDK-com.anushkmittal.xkcdOpenSource-1591726885.swift */ = {isa = PBXFileReference; fileEncoding = 4; lastKnownFileType = sourcecode.swift; path = "AnushkTestSDK-com.anushkmittal.xkcdOpenSource-1591726885.swift"; sourceTree = "<group>"; };
		2B5D1C73249010FA0067349C /* AnushkTestSDK-com.anushkmittal.xkcdOpenSource-1591727483.swift */ = {isa = PBXFileReference; fileEncoding = 4; lastKnownFileType = sourcecode.swift; path = "AnushkTestSDK-com.anushkmittal.xkcdOpenSource-1591727483.swift"; sourceTree = "<group>"; };
/* End PBXFileReference section */

/* Begin PBXFrameworksBuildPhase section */
		2B5D1C3F248FEA7D0067349C /* Frameworks */ = {
			isa = PBXFrameworksBuildPhase;
			buildActionMask = 2147483647;
			files = (
			);
			runOnlyForDeploymentPostprocessing = 0;
		};
		2B5D1C55248FEA7E0067349C /* Frameworks */ = {
			isa = PBXFrameworksBuildPhase;
			buildActionMask = 2147483647;
			files = (
			);
			runOnlyForDeploymentPostprocessing = 0;
		};
/* End PBXFrameworksBuildPhase section */

/* Begin PBXGroup section */
		2B5D1C39248FEA7D0067349C = {
			isa = PBXGroup;
			children = (
				2B5D1C44248FEA7D0067349C /* testrunnnerapp */,
				2B5D1C5B248FEA7E0067349C /* testrunnnerappUITests */,
				2B5D1C43248FEA7D0067349C /* Products */,
			);
			sourceTree = "<group>";
		};
		2B5D1C43248FEA7D0067349C /* Products */ = {
			isa = PBXGroup;
			children = (
				2B5D1C42248FEA7D0067349C /* testrunnnerapp.app */,
				2B5D1C58248FEA7E0067349C /* testrunnnerappUITests.xctest */,
			);
			name = Products;
			sourceTree = "<group>";
		};
		2B5D1C44248FEA7D0067349C /* testrunnnerapp */ = {
			isa = PBXGroup;
			children = (
				2B5D1C45248FEA7D0067349C /* AppDelegate.swift */,
				2B5D1C47248FEA7D0067349C /* SceneDelegate.swift */,
				2B5D1C49248FEA7D0067349C /* ViewController.swift */,
				2B5D1C4B248FEA7D0067349C /* Main.storyboard */,
				2B5D1C4E248FEA7E0067349C /* Assets.xcassets */,
				2B5D1C50248FEA7E0067349C /* LaunchScreen.storyboard */,
				2B5D1C53248FEA7E0067349C /* Info.plist */,
			);
			path = testrunnnerapp;
			sourceTree = "<group>";
		};
		2B5D1C5B248FEA7E0067349C /* testrunnnerappUITests */ = {
			isa = PBXGroup;
			children = (
				2B5D1C5C248FEA7E0067349C /* testrunnnerappUITests.swift */,
				2B5D1C69249007470067349C /* AnushkTestSDK-com.anushkmittal.xkcdOpenSource-1591725966.swift */,
				2B5D1C6D2490097B0067349C /* AnushkTestSDK-com.anushkmittal.xkcdOpenSource-1591726487.swift */,
				2B5D1C6F24900A110067349C /* AnushkTestSDK-com.anushkmittal.xkcdOpenSource-1591726707.swift */,
				2B5D1C7124900AE40067349C /* AnushkTestSDK-com.anushkmittal.xkcdOpenSource-1591726885.swift */,
				2B5D1C73249010FA0067349C /* AnushkTestSDK-com.anushkmittal.xkcdOpenSource-1591727483.swift */,
				2B5D1C5E248FEA7E0067349C /* Info.plist */,
			);
			path = testrunnnerappUITests;
			sourceTree = "<group>";
		};
/* End PBXGroup section */

/* Begin PBXNativeTarget section */
		2B5D1C41248FEA7D0067349C /* testrunnnerapp */ = {
			isa = PBXNativeTarget;
			buildConfigurationList = 2B5D1C61248FEA7E0067349C /* Build configuration list for PBXNativeTarget "testrunnnerapp" */;
			buildPhases = (
				2B5D1C3E248FEA7D0067349C /* Sources */,
				2B5D1C3F248FEA7D0067349C /* Frameworks */,
				2B5D1C40248FEA7D0067349C /* Resources */,
			);
			buildRules = (
			);
			dependencies = (
			);
			name = testrunnnerapp;
			productName = testrunnnerapp;
			productReference = 2B5D1C42248FEA7D0067349C /* testrunnnerapp.app */;
			productType = "com.apple.product-type.application";
		};
		2B5D1C57248FEA7E0067349C /* testrunnnerappUITests */ = {
			isa = PBXNativeTarget;
			buildConfigurationList = 2B5D1C64248FEA7E0067349C /* Build configuration list for PBXNativeTarget "testrunnnerappUITests" */;
			buildPhases = (
				2B5D1C54248FEA7E0067349C /* Sources */,
				2B5D1C55248FEA7E0067349C /* Frameworks */,
				2B5D1C56248FEA7E0067349C /* Resources */,
			);
			buildRules = (
			);
			dependencies = (
				2B5D1C5A248FEA7E0067349C /* PBXTargetDependency */,
			);
			name = testrunnnerappUITests;
			productName = testrunnnerappUITests;
			productReference = 2B5D1C58248FEA7E0067349C /* testrunnnerappUITests.xctest */;
			productType = "com.apple.product-type.bundle.ui-testing";
		};
/* End PBXNativeTarget section */

/* Begin PBXProject section */
		2B5D1C3A248FEA7D0067349C /* Project object */ = {
			isa = PBXProject;
			attributes = {
				LastSwiftUpdateCheck = 1150;
				LastUpgradeCheck = 1150;
				ORGANIZATIONNAME = "Memeois, Inc.";
				TargetAttributes = {
					2B5D1C41248FEA7D0067349C = {
						CreatedOnToolsVersion = 11.5;
					};
					2B5D1C57248FEA7E0067349C = {
						CreatedOnToolsVersion = 11.5;
						TestTargetID = 2B5D1C41248FEA7D0067349C;
					};
				};
			};
			buildConfigurationList = 2B5D1C3D248FEA7D0067349C /* Build configuration list for PBXProject "testrunnnerapp" */;
			compatibilityVersion = "Xcode 9.3";
			developmentRegion = en;
			hasScannedForEncodings = 0;
			knownRegions = (
				en,
				Base,
			);
			mainGroup = 2B5D1C39248FEA7D0067349C;
			productRefGroup = 2B5D1C43248FEA7D0067349C /* Products */;
			projectDirPath = "";
			projectRoot = "";
			targets = (
				2B5D1C41248FEA7D0067349C /* testrunnnerapp */,
				2B5D1C57248FEA7E0067349C /* testrunnnerappUITests */,
			);
		};
/* End PBXProject section */

/* Begin PBXResourcesBuildPhase section */
		2B5D1C40248FEA7D0067349C /* Resources */ = {
			isa = PBXResourcesBuildPhase;
			buildActionMask = 2147483647;
			files = (
				2B5D1C52248FEA7E0067349C /* LaunchScreen.storyboard in Resources */,
				2B5D1C4F248FEA7E0067349C /* Assets.xcassets in Resources */,
				2B5D1C4D248FEA7D0067349C /* Main.storyboard in Resources */,
			);
			runOnlyForDeploymentPostprocessing = 0;
		};
		2B5D1C56248FEA7E0067349C /* Resources */ = {
			isa = PBXResourcesBuildPhase;
			buildActionMask = 2147483647;
			files = (
			);
			runOnlyForDeploymentPostprocessing = 0;
		};
/* End PBXResourcesBuildPhase section */

/* Begin PBXSourcesBuildPhase section */
		2B5D1C3E248FEA7D0067349C /* Sources */ = {
			isa = PBXSourcesBuildPhase;
			buildActionMask = 2147483647;
			files = (
				2B5D1C4A248FEA7D0067349C /* ViewController.swift in Sources */,
				2B5D1C46248FEA7D0067349C /* AppDelegate.swift in Sources */,
				2B5D1C48248FEA7D0067349C /* SceneDelegate.swift in Sources */,
			);
			runOnlyForDeploymentPostprocessing = 0;
		};
		2B5D1C54248FEA7E0067349C /* Sources */ = {
			isa = PBXSourcesBuildPhase;
			buildActionMask = 2147483647;
			files = (
				2B5D1C6A249007470067349C /* AnushkTestSDK-com.anushkmittal.xkcdOpenSource-1591725966.swift in Sources */,
				2B5D1C7024900A110067349C /* AnushkTestSDK-com.anushkmittal.xkcdOpenSource-1591726707.swift in Sources */,
				2B5D1C6E2490097B0067349C /* AnushkTestSDK-com.anushkmittal.xkcdOpenSource-1591726487.swift in Sources */,
				2B5D1C7224900AE40067349C /* AnushkTestSDK-com.anushkmittal.xkcdOpenSource-1591726885.swift in Sources */,
				2B5D1C5D248FEA7E0067349C /* testrunnnerappUITests.swift in Sources */,
				2B5D1C74249010FA0067349C /* AnushkTestSDK-com.anushkmittal.xkcdOpenSource-1591727483.swift in Sources */,
			);
			runOnlyForDeploymentPostprocessing = 0;
		};
/* End PBXSourcesBuildPhase section */

/* Begin PBXTargetDependency section */
		2B5D1C5A248FEA7E0067349C /* PBXTargetDependency */ = {
			isa = PBXTargetDependency;
			target = 2B5D1C41248FEA7D0067349C /* testrunnnerapp */;
			targetProxy = 2B5D1C59248FEA7E0067349C /* PBXContainerItemProxy */;
		};
/* End PBXTargetDependency section */

/* Begin PBXVariantGroup section */
		2B5D1C4B248FEA7D0067349C /* Main.storyboard */ = {
			isa = PBXVariantGroup;
			children = (
				2B5D1C4C248FEA7D0067349C /* Base */,
			);
			name = Main.storyboard;
			sourceTree = "<group>";
		};
		2B5D1C50248FEA7E0067349C /* LaunchScreen.storyboard */ = {
			isa = PBXVariantGroup;
			children = (
				2B5D1C51248FEA7E0067349C /* Base */,
			);
			name = LaunchScreen.storyboard;
			sourceTree = "<group>";
		};
/* End PBXVariantGroup section */

/* Begin XCBuildConfiguration section */
		2B5D1C5F248FEA7E0067349C /* Debug */ = {
			isa = XCBuildConfiguration;
			buildSettings = {
				ALWAYS_SEARCH_USER_PATHS = NO;
				CLANG_ANALYZER_NONNULL = YES;
				CLANG_ANALYZER_NUMBER_OBJECT_CONVERSION = YES_AGGRESSIVE;
				CLANG_CXX_LANGUAGE_STANDARD = "gnu++14";
				CLANG_CXX_LIBRARY = "libc++";
				CLANG_ENABLE_MODULES = YES;
				CLANG_ENABLE_OBJC_ARC = YES;
				CLANG_ENABLE_OBJC_WEAK = YES;
				CLANG_WARN_BLOCK_CAPTURE_AUTORELEASING = YES;
				CLANG_WARN_BOOL_CONVERSION = YES;
				CLANG_WARN_COMMA = YES;
				CLANG_WARN_CONSTANT_CONVERSION = YES;
				CLANG_WARN_DEPRECATED_OBJC_IMPLEMENTATIONS = YES;
				CLANG_WARN_DIRECT_OBJC_ISA_USAGE = YES_ERROR;
				CLANG_WARN_DOCUMENTATION_COMMENTS = YES;
				CLANG_WARN_EMPTY_BODY = YES;
				CLANG_WARN_ENUM_CONVERSION = YES;
				CLANG_WARN_INFINITE_RECURSION = YES;
				CLANG_WARN_INT_CONVERSION = YES;
				CLANG_WARN_NON_LITERAL_NULL_CONVERSION = YES;
				CLANG_WARN_OBJC_IMPLICIT_RETAIN_SELF = YES;
				CLANG_WARN_OBJC_LITERAL_CONVERSION = YES;
				CLANG_WARN_OBJC_ROOT_CLASS = YES_ERROR;
				CLANG_WARN_RANGE_LOOP_ANALYSIS = YES;
				CLANG_WARN_STRICT_PROTOTYPES = YES;
				CLANG_WARN_SUSPICIOUS_MOVE = YES;
				CLANG_WARN_UNGUARDED_AVAILABILITY = YES_AGGRESSIVE;
				CLANG_WARN_UNREACHABLE_CODE = YES;
				CLANG_WARN__DUPLICATE_METHOD_MATCH = YES;
				COPY_PHASE_STRIP = NO;
				DEBUG_INFORMATION_FORMAT = dwarf;
				ENABLE_STRICT_OBJC_MSGSEND = YES;
				ENABLE_TESTABILITY = YES;
				GCC_C_LANGUAGE_STANDARD = gnu11;
				GCC_DYNAMIC_NO_PIC = NO;
				GCC_NO_COMMON_BLOCKS = YES;
				GCC_OPTIMIZATION_LEVEL = 0;
				GCC_PREPROCESSOR_DEFINITIONS = (
					"DEBUG=1",
					"$(inherited)",
				);
				GCC_WARN_64_TO_32_BIT_CONVERSION = YES;
				GCC_WARN_ABOUT_RETURN_TYPE = YES_ERROR;
				GCC_WARN_UNDECLARED_SELECTOR = YES;
				GCC_WARN_UNINITIALIZED_AUTOS = YES_AGGRESSIVE;
				GCC_WARN_UNUSED_FUNCTION = YES;
				GCC_WARN_UNUSED_VARIABLE = YES;
				IPHONEOS_DEPLOYMENT_TARGET = 13.5;
				MTL_ENABLE_DEBUG_INFO = INCLUDE_SOURCE;
				MTL_FAST_MATH = YES;
				ONLY_ACTIVE_ARCH = YES;
				SDKROOT = iphoneos;
				SWIFT_ACTIVE_COMPILATION_CONDITIONS = DEBUG;
				SWIFT_OPTIMIZATION_LEVEL = "-Onone";
			};
			name = Debug;
		};
		2B5D1C60248FEA7E0067349C /* Release */ = {
			isa = XCBuildConfiguration;
			buildSettings = {
				ALWAYS_SEARCH_USER_PATHS = NO;
				CLANG_ANALYZER_NONNULL = YES;
				CLANG_ANALYZER_NUMBER_OBJECT_CONVERSION = YES_AGGRESSIVE;
				CLANG_CXX_LANGUAGE_STANDARD = "gnu++14";
				CLANG_CXX_LIBRARY = "libc++";
				CLANG_ENABLE_MODULES = YES;
				CLANG_ENABLE_OBJC_ARC = YES;
				CLANG_ENABLE_OBJC_WEAK = YES;
				CLANG_WARN_BLOCK_CAPTURE_AUTORELEASING = YES;
				CLANG_WARN_BOOL_CONVERSION = YES;
				CLANG_WARN_COMMA = YES;
				CLANG_WARN_CONSTANT_CONVERSION = YES;
				CLANG_WARN_DEPRECATED_OBJC_IMPLEMENTATIONS = YES;
				CLANG_WARN_DIRECT_OBJC_ISA_USAGE = YES_ERROR;
				CLANG_WARN_DOCUMENTATION_COMMENTS = YES;
				CLANG_WARN_EMPTY_BODY = YES;
				CLANG_WARN_ENUM_CONVERSION = YES;
				CLANG_WARN_INFINITE_RECURSION = YES;
				CLANG_WARN_INT_CONVERSION = YES;
				CLANG_WARN_NON_LITERAL_NULL_CONVERSION = YES;
				CLANG_WARN_OBJC_IMPLICIT_RETAIN_SELF = YES;
				CLANG_WARN_OBJC_LITERAL_CONVERSION = YES;
				CLANG_WARN_OBJC_ROOT_CLASS = YES_ERROR;
				CLANG_WARN_RANGE_LOOP_ANALYSIS = YES;
				CLANG_WARN_STRICT_PROTOTYPES = YES;
				CLANG_WARN_SUSPICIOUS_MOVE = YES;
				CLANG_WARN_UNGUARDED_AVAILABILITY = YES_AGGRESSIVE;
				CLANG_WARN_UNREACHABLE_CODE = YES;
				CLANG_WARN__DUPLICATE_METHOD_MATCH = YES;
				COPY_PHASE_STRIP = NO;
				DEBUG_INFORMATION_FORMAT = "dwarf-with-dsym";
				ENABLE_NS_ASSERTIONS = NO;
				ENABLE_STRICT_OBJC_MSGSEND = YES;
				GCC_C_LANGUAGE_STANDARD = gnu11;
				GCC_NO_COMMON_BLOCKS = YES;
				GCC_WARN_64_TO_32_BIT_CONVERSION = YES;
				GCC_WARN_ABOUT_RETURN_TYPE = YES_ERROR;
				GCC_WARN_UNDECLARED_SELECTOR = YES;
				GCC_WARN_UNINITIALIZED_AUTOS = YES_AGGRESSIVE;
				GCC_WARN_UNUSED_FUNCTION = YES;
				GCC_WARN_UNUSED_VARIABLE = YES;
				IPHONEOS_DEPLOYMENT_TARGET = 13.5;
				MTL_ENABLE_DEBUG_INFO = NO;
				MTL_FAST_MATH = YES;
				SDKROOT = iphoneos;
				SWIFT_COMPILATION_MODE = wholemodule;
				SWIFT_OPTIMIZATION_LEVEL = "-O";
				VALIDATE_PRODUCT = YES;
			};
			name = Release;
		};
		2B5D1C62248FEA7E0067349C /* Debug */ = {
			isa = XCBuildConfiguration;
			buildSettings = {
				ASSETCATALOG_COMPILER_APPICON_NAME = AppIcon;
				CODE_SIGN_STYLE = Automatic;
				DEVELOPMENT_TEAM = MA2GUFBZMC;
				INFOPLIST_FILE = testrunnnerapp/Info.plist;
				IPHONEOS_DEPLOYMENT_TARGET = 13.0;
				LD_RUNPATH_SEARCH_PATHS = (
					"$(inherited)",
					"@executable_path/Frameworks",
				);
				PRODUCT_BUNDLE_IDENTIFIER = com.memeois.testrunnnerapp;
				PRODUCT_NAME = "$(TARGET_NAME)";
				SWIFT_VERSION = 5.0;
				TARGETED_DEVICE_FAMILY = "1,2";
			};
			name = Debug;
		};
		2B5D1C63248FEA7E0067349C /* Release */ = {
			isa = XCBuildConfiguration;
			buildSettings = {
				ASSETCATALOG_COMPILER_APPICON_NAME = AppIcon;
				CODE_SIGN_STYLE = Automatic;
				DEVELOPMENT_TEAM = MA2GUFBZMC;
				INFOPLIST_FILE = testrunnnerapp/Info.plist;
				IPHONEOS_DEPLOYMENT_TARGET = 13.0;
				LD_RUNPATH_SEARCH_PATHS = (
					"$(inherited)",
					"@executable_path/Frameworks",
				);
				PRODUCT_BUNDLE_IDENTIFIER = com.memeois.testrunnnerapp;
				PRODUCT_NAME = "$(TARGET_NAME)";
				SWIFT_VERSION = 5.0;
				TARGETED_DEVICE_FAMILY = "1,2";
			};
			name = Release;
		};
		2B5D1C65248FEA7E0067349C /* Debug */ = {
			isa = XCBuildConfiguration;
			buildSettings = {
				ALWAYS_EMBED_SWIFT_STANDARD_LIBRARIES = YES;
				CODE_SIGN_STYLE = Automatic;
				DEVELOPMENT_TEAM = MA2GUFBZMC;
				INFOPLIST_FILE = testrunnnerappUITests/Info.plist;
				IPHONEOS_DEPLOYMENT_TARGET = 13.0;
				LD_RUNPATH_SEARCH_PATHS = (
					"$(inherited)",
					"@executable_path/Frameworks",
					"@loader_path/Frameworks",
				);
				PRODUCT_BUNDLE_IDENTIFIER = com.memeois.testrunnnerappUITests;
				PRODUCT_NAME = "$(TARGET_NAME)";
				SWIFT_VERSION = 5.0;
				TARGETED_DEVICE_FAMILY = "1,2";
				TEST_TARGET_NAME = testrunnnerapp;
			};
			name = Debug;
		};
		2B5D1C66248FEA7E0067349C /* Release */ = {
			isa = XCBuildConfiguration;
			buildSettings = {
				ALWAYS_EMBED_SWIFT_STANDARD_LIBRARIES = YES;
				CODE_SIGN_STYLE = Automatic;
				DEVELOPMENT_TEAM = MA2GUFBZMC;
				INFOPLIST_FILE = testrunnnerappUITests/Info.plist;
				IPHONEOS_DEPLOYMENT_TARGET = 13.0;
				LD_RUNPATH_SEARCH_PATHS = (
					"$(inherited)",
					"@executable_path/Frameworks",
					"@loader_path/Frameworks",
				);
				PRODUCT_BUNDLE_IDENTIFIER = com.memeois.testrunnnerappUITests;
				PRODUCT_NAME = "$(TARGET_NAME)";
				SWIFT_VERSION = 5.0;
				TARGETED_DEVICE_FAMILY = "1,2";
				TEST_TARGET_NAME = testrunnnerapp;
			};
			name = Release;
		};
/* End XCBuildConfiguration section */

/* Begin XCConfigurationList section */
		2B5D1C3D248FEA7D0067349C /* Build configuration list for PBXProject "testrunnnerapp" */ = {
			isa = XCConfigurationList;
			buildConfigurations = (
				2B5D1C5F248FEA7E0067349C /* Debug */,
				2B5D1C60248FEA7E0067349C /* Release */,
			);
			defaultConfigurationIsVisible = 0;
			defaultConfigurationName = Release;
		};
		2B5D1C61248FEA7E0067349C /* Build configuration list for PBXNativeTarget "testrunnnerapp" */ = {
			isa = XCConfigurationList;
			buildConfigurations = (
				2B5D1C62248FEA7E0067349C /* Debug */,
				2B5D1C63248FEA7E0067349C /* Release */,
			);
			defaultConfigurationIsVisible = 0;
			defaultConfigurationName = Release;
		};
		2B5D1C64248FEA7E0067349C /* Build configuration list for PBXNativeTarget "testrunnnerappUITests" */ = {
			isa = XCConfigurationList;
			buildConfigurations = (
				2B5D1C65248FEA7E0067349C /* Debug */,
				2B5D1C66248FEA7E0067349C /* Release */,
			);
			defaultConfigurationIsVisible = 0;
			defaultConfigurationName = Release;
		};
/* End XCConfigurationList section */
	};
	rootObject = 2B5D1C3A248FEA7D0067349C /* Project object */;
}
